
Microsoft Visual Studio Solution File, Format Version 12.00
# Visual Studio Version 17
VisualStudioVersion = 17.3.32901.215
MinimumVisualStudioVersion = 10.0.40219.1
Project("{F184B08F-C81C-45F6-A57F-5ABD9991F28F}") = "Sz_montag Git", "Sz_montag Git\Sz_montag Git.vbproj", "{0260142E-7701-491A-A70C-892CDA4010F7}"
EndProject
Global
	GlobalSection(SolutionConfigurationPlatforms) = preSolution
		Debug|Any CPU = Debug|Any CPU
		Release|Any CPU = Release|Any CPU
	EndGlobalSection
	GlobalSection(ProjectConfigurationPlatforms) = postSolution
		{0260142E-7701-491A-A70C-892CDA4010F7}.Debug|Any CPU.ActiveCfg = Debug|Any CPU
		{0260142E-7701-491A-A70C-892CDA4010F7}.Debug|Any CPU.Build.0 = Debug|Any CPU
		{0260142E-7701-491A-A70C-892CDA4010F7}.Release|Any CPU.ActiveCfg = Release|Any CPU
		{0260142E-7701-491A-A70C-892CDA4010F7}.Release|Any CPU.Build.0 = Release|Any CPU
	EndGlobalSection
	GlobalSection(SolutionProperties) = preSolution
		HideSolutionNode = FALSE
	EndGlobalSection
	GlobalSection(ExtensibilityGlobals) = postSolution
		SolutionGuid = {133B8CAF-AACF-4D18-B7FA-A1294DDE719A}
	EndGlobalSection
EndGlobal
